
Microsoft Visual Studio Solution File, Format Version 12.00
# Visual Studio Version 17
VisualStudioVersion = 17.9.34728.123
MinimumVisualStudioVersion = 10.0.40219.1
Project("{FAE04EC0-301F-11D3-BF4B-00C04F79EFBC}") = "UsingTaskDemonstration-01", "UsingTaskDemonstration-01\UsingTaskDemonstration-01.csproj", "{B2CAE053-76EB-4EFE-9B71-EC9ED6E084DC}"
EndProject
Project("{FAE04EC0-301F-11D3-BF4B-00C04F79EFBC}") = "UsingTaskDemonstration-02", "UsingTaskDemonstration-02\UsingTaskDemonstration-02.csproj", "{FE4FB94D-FF13-4FFF-B807-0F0F501A5CB7}"
EndProject
Project("{FAE04EC0-301F-11D3-BF4B-00C04F79EFBC}") = "UsingTaskDemonstration-03", "UsingTaskDemonstration-03\UsingTaskDemonstration-03.csproj", "{736016F5-0620-421C-B32A-FA3BAD9FF47F}"
EndProject
Project("{FAE04EC0-301F-11D3-BF4B-00C04F79EFBC}") = "UsingTaskDemonstration-04", "UsingTaskDemonstration-04\UsingTaskDemonstration-04.csproj", "{F8D436A7-5B5B-4A91-A4DA-D5F7D7DED8FA}"
EndProject
Project("{FAE04EC0-301F-11D3-BF4B-00C04F79EFBC}") = "UsingPLINQDemonstration-01", "UsingPLINQDemonstration-01\UsingPLINQDemonstration-01.csproj", "{9E4586A5-F49A-48A6-A60C-EBBC6CD2B9B1}"
EndProject
Project("{FAE04EC0-301F-11D3-BF4B-00C04F79EFBC}") = "UsingPLINQDemonstration-02", "UsingPLINQDemonstration-02\UsingPLINQDemonstration-02.csproj", "{E3CE58B9-3680-4E72-B92E-4E66532028BB}"
EndProject
Project("{FAE04EC0-301F-11D3-BF4B-00C04F79EFBC}") = "AsynchronousDemonstration-01", "AsynchronousDemonstration-01\AsynchronousDemonstration-01.csproj", "{AF1DD997-B086-4304-BA52-44087C575481}"
EndProject
Project("{FAE04EC0-301F-11D3-BF4B-00C04F79EFBC}") = "AsynchronousDemonstration-02", "AsynchronousDemonstration-02\AsynchronousDemonstration-02.csproj", "{36A18623-431E-4BA1-8E33-DAC79366530B}"
EndProject
Project("{FAE04EC0-301F-11D3-BF4B-00C04F79EFBC}") = "AsynchronousDemonstration-03", "AsynchronousDemonstration-03\AsynchronousDemonstration-03.csproj", "{5FD48BF4-F24B-4155-B8F4-5DBEA67824DF}"
EndProject
Global
	GlobalSection(SolutionConfigurationPlatforms) = preSolution
		Debug|Any CPU = Debug|Any CPU
		Release|Any CPU = Release|Any CPU
	EndGlobalSection
	GlobalSection(ProjectConfigurationPlatforms) = postSolution
		{B2CAE053-76EB-4EFE-9B71-EC9ED6E084DC}.Debug|Any CPU.ActiveCfg = Debug|Any CPU
		{B2CAE053-76EB-4EFE-9B71-EC9ED6E084DC}.Debug|Any CPU.Build.0 = Debug|Any CPU
		{B2CAE053-76EB-4EFE-9B71-EC9ED6E084DC}.Release|Any CPU.ActiveCfg = Release|Any CPU
		{B2CAE053-76EB-4EFE-9B71-EC9ED6E084DC}.Release|Any CPU.Build.0 = Release|Any CPU
		{FE4FB94D-FF13-4FFF-B807-0F0F501A5CB7}.Debug|Any CPU.ActiveCfg = Debug|Any CPU
		{FE4FB94D-FF13-4FFF-B807-0F0F501A5CB7}.Debug|Any CPU.Build.0 = Debug|Any CPU
		{FE4FB94D-FF13-4FFF-B807-0F0F501A5CB7}.Release|Any CPU.ActiveCfg = Release|Any CPU
		{FE4FB94D-FF13-4FFF-B807-0F0F501A5CB7}.Release|Any CPU.Build.0 = Release|Any CPU
		{736016F5-0620-421C-B32A-FA3BAD9FF47F}.Debug|Any CPU.ActiveCfg = Debug|Any CPU
		{736016F5-0620-421C-B32A-FA3BAD9FF47F}.Debug|Any CPU.Build.0 = Debug|Any CPU
		{736016F5-0620-421C-B32A-FA3BAD9FF47F}.Release|Any CPU.ActiveCfg = Release|Any CPU
		{736016F5-0620-421C-B32A-FA3BAD9FF47F}.Release|Any CPU.Build.0 = Release|Any CPU
		{F8D436A7-5B5B-4A91-A4DA-D5F7D7DED8FA}.Debug|Any CPU.ActiveCfg = Debug|Any CPU
		{F8D436A7-5B5B-4A91-A4DA-D5F7D7DED8FA}.Debug|Any CPU.Build.0 = Debug|Any CPU
		{F8D436A7-5B5B-4A91-A4DA-D5F7D7DED8FA}.Release|Any CPU.ActiveCfg = Release|Any CPU
		{F8D436A7-5B5B-4A91-A4DA-D5F7D7DED8FA}.Release|Any CPU.Build.0 = Release|Any CPU
		{9E4586A5-F49A-48A6-A60C-EBBC6CD2B9B1}.Debug|Any CPU.ActiveCfg = Debug|Any CPU
		{9E4586A5-F49A-48A6-A60C-EBBC6CD2B9B1}.Debug|Any CPU.Build.0 = Debug|Any CPU
		{9E4586A5-F49A-48A6-A60C-EBBC6CD2B9B1}.Release|Any CPU.ActiveCfg = Release|Any CPU
		{9E4586A5-F49A-48A6-A60C-EBBC6CD2B9B1}.Release|Any CPU.Build.0 = Release|Any CPU
		{E3CE58B9-3680-4E72-B92E-4E66532028BB}.Debug|Any CPU.ActiveCfg = Debug|Any CPU
		{E3CE58B9-3680-4E72-B92E-4E66532028BB}.Debug|Any CPU.Build.0 = Debug|Any CPU
		{E3CE58B9-3680-4E72-B92E-4E66532028BB}.Release|Any CPU.ActiveCfg = Release|Any CPU
		{E3CE58B9-3680-4E72-B92E-4E66532028BB}.Release|Any CPU.Build.0 = Release|Any CPU
		{AF1DD997-B086-4304-BA52-44087C575481}.Debug|Any CPU.ActiveCfg = Debug|Any CPU
		{AF1DD997-B086-4304-BA52-44087C575481}.Debug|Any CPU.Build.0 = Debug|Any CPU
		{AF1DD997-B086-4304-BA52-44087C575481}.Release|Any CPU.ActiveCfg = Release|Any CPU
		{AF1DD997-B086-4304-BA52-44087C575481}.Release|Any CPU.Build.0 = Release|Any CPU
		{36A18623-431E-4BA1-8E33-DAC79366530B}.Debug|Any CPU.ActiveCfg = Debug|Any CPU
		{36A18623-431E-4BA1-8E33-DAC79366530B}.Debug|Any CPU.Build.0 = Debug|Any CPU
		{36A18623-431E-4BA1-8E33-DAC79366530B}.Release|Any CPU.ActiveCfg = Release|Any CPU
		{36A18623-431E-4BA1-8E33-DAC79366530B}.Release|Any CPU.Build.0 = Release|Any CPU
		{5FD48BF4-F24B-4155-B8F4-5DBEA67824DF}.Debug|Any CPU.ActiveCfg = Debug|Any CPU
		{5FD48BF4-F24B-4155-B8F4-5DBEA67824DF}.Debug|Any CPU.Build.0 = Debug|Any CPU
		{5FD48BF4-F24B-4155-B8F4-5DBEA67824DF}.Release|Any CPU.ActiveCfg = Release|Any CPU
		{5FD48BF4-F24B-4155-B8F4-5DBEA67824DF}.Release|Any CPU.Build.0 = Release|Any CPU
	EndGlobalSection
	GlobalSection(SolutionProperties) = preSolution
		HideSolutionNode = FALSE
	EndGlobalSection
	GlobalSection(ExtensibilityGlobals) = postSolution
		SolutionGuid = {7D0A87EF-5261-4662-A5D3-D9EB3C3E1D29}
	EndGlobalSection
EndGlobal
