
Microsoft Visual Studio Solution File, Format Version 12.00
# Visual Studio Version 17
VisualStudioVersion = 17.11.35327.3
MinimumVisualStudioVersion = 10.0.40219.1
Project("{FAE04EC0-301F-11D3-BF4B-00C04F79EFBC}") = "UDP", "UDP\UDP.csproj", "{2AD45B51-F6D3-47D1-8F74-CD6B6BBE0D26}"
EndProject
Project("{FAE04EC0-301F-11D3-BF4B-00C04F79EFBC}") = "UDPServerApp", "UDPServerApp\UDPServerApp.csproj", "{1D6688DF-0EBE-4FD9-BA17-DEF8617C36B5}"
EndProject
Project("{FAE04EC0-301F-11D3-BF4B-00C04F79EFBC}") = "UDPClientApp", "UDPClientApp\UDPClientApp.csproj", "{B564711F-50AB-442B-AE30-B578CF0900A7}"
EndProject
Global
	GlobalSection(SolutionConfigurationPlatforms) = preSolution
		Debug|Any CPU = Debug|Any CPU
		Release|Any CPU = Release|Any CPU
	EndGlobalSection
	GlobalSection(ProjectConfigurationPlatforms) = postSolution
		{2AD45B51-F6D3-47D1-8F74-CD6B6BBE0D26}.Debug|Any CPU.ActiveCfg = Debug|Any CPU
		{2AD45B51-F6D3-47D1-8F74-CD6B6BBE0D26}.Debug|Any CPU.Build.0 = Debug|Any CPU
		{2AD45B51-F6D3-47D1-8F74-CD6B6BBE0D26}.Release|Any CPU.ActiveCfg = Release|Any CPU
		{2AD45B51-F6D3-47D1-8F74-CD6B6BBE0D26}.Release|Any CPU.Build.0 = Release|Any CPU
		{1D6688DF-0EBE-4FD9-BA17-DEF8617C36B5}.Debug|Any CPU.ActiveCfg = Debug|Any CPU
		{1D6688DF-0EBE-4FD9-BA17-DEF8617C36B5}.Debug|Any CPU.Build.0 = Debug|Any CPU
		{1D6688DF-0EBE-4FD9-BA17-DEF8617C36B5}.Release|Any CPU.ActiveCfg = Release|Any CPU
		{1D6688DF-0EBE-4FD9-BA17-DEF8617C36B5}.Release|Any CPU.Build.0 = Release|Any CPU
		{B564711F-50AB-442B-AE30-B578CF0900A7}.Debug|Any CPU.ActiveCfg = Debug|Any CPU
		{B564711F-50AB-442B-AE30-B578CF0900A7}.Debug|Any CPU.Build.0 = Debug|Any CPU
		{B564711F-50AB-442B-AE30-B578CF0900A7}.Release|Any CPU.ActiveCfg = Release|Any CPU
		{B564711F-50AB-442B-AE30-B578CF0900A7}.Release|Any CPU.Build.0 = Release|Any CPU
	EndGlobalSection
	GlobalSection(SolutionProperties) = preSolution
		HideSolutionNode = FALSE
	EndGlobalSection
	GlobalSection(ExtensibilityGlobals) = postSolution
		SolutionGuid = {09046434-4FB5-46CC-8D6A-D93813E37CBC}
	EndGlobalSection
EndGlobal
