
Microsoft Visual Studio Solution File, Format Version 12.00
# Visual Studio Version 17
VisualStudioVersion = 17.11.35327.3
MinimumVisualStudioVersion = 10.0.40219.1
Project("{FAE04EC0-301F-11D3-BF4B-00C04F79EFBC}") = "ServerApp", "ServerApp\ServerApp.csproj", "{9F206F6A-3340-4302-8E11-87279D109B7B}"
EndProject
Project("{FAE04EC0-301F-11D3-BF4B-00C04F79EFBC}") = "ClientApp", "ClientApp\ClientApp.csproj", "{C76EE9ED-8090-4DC3-8F42-5DC8E4ACBA1A}"
EndProject
Global
	GlobalSection(SolutionConfigurationPlatforms) = preSolution
		Debug|Any CPU = Debug|Any CPU
		Release|Any CPU = Release|Any CPU
	EndGlobalSection
	GlobalSection(ProjectConfigurationPlatforms) = postSolution
		{9F206F6A-3340-4302-8E11-87279D109B7B}.Debug|Any CPU.ActiveCfg = Debug|Any CPU
		{9F206F6A-3340-4302-8E11-87279D109B7B}.Debug|Any CPU.Build.0 = Debug|Any CPU
		{9F206F6A-3340-4302-8E11-87279D109B7B}.Release|Any CPU.ActiveCfg = Release|Any CPU
		{9F206F6A-3340-4302-8E11-87279D109B7B}.Release|Any CPU.Build.0 = Release|Any CPU
		{C76EE9ED-8090-4DC3-8F42-5DC8E4ACBA1A}.Debug|Any CPU.ActiveCfg = Debug|Any CPU
		{C76EE9ED-8090-4DC3-8F42-5DC8E4ACBA1A}.Debug|Any CPU.Build.0 = Debug|Any CPU
		{C76EE9ED-8090-4DC3-8F42-5DC8E4ACBA1A}.Release|Any CPU.ActiveCfg = Release|Any CPU
		{C76EE9ED-8090-4DC3-8F42-5DC8E4ACBA1A}.Release|Any CPU.Build.0 = Release|Any CPU
	EndGlobalSection
	GlobalSection(SolutionProperties) = preSolution
		HideSolutionNode = FALSE
	EndGlobalSection
	GlobalSection(ExtensibilityGlobals) = postSolution
		SolutionGuid = {FAE9CE73-1841-4EC0-B6BB-0A64E8E7B51F}
	EndGlobalSection
EndGlobal
