
Microsoft Visual Studio Solution File, Format Version 12.00
# Visual Studio Version 17
VisualStudioVersion = 17.11.35327.3
MinimumVisualStudioVersion = 10.0.40219.1
Project("{FAE04EC0-301F-11D3-BF4B-00C04F79EFBC}") = "slot1_wpf", "slot1_wpf\slot1_wpf.csproj", "{57E7B343-894E-4BBF-B661-C00A02C74A81}"
EndProject
Global
	GlobalSection(SolutionConfigurationPlatforms) = preSolution
		Debug|Any CPU = Debug|Any CPU
		Release|Any CPU = Release|Any CPU
	EndGlobalSection
	GlobalSection(ProjectConfigurationPlatforms) = postSolution
		{57E7B343-894E-4BBF-B661-C00A02C74A81}.Debug|Any CPU.ActiveCfg = Debug|Any CPU
		{57E7B343-894E-4BBF-B661-C00A02C74A81}.Debug|Any CPU.Build.0 = Debug|Any CPU
		{57E7B343-894E-4BBF-B661-C00A02C74A81}.Release|Any CPU.ActiveCfg = Release|Any CPU
		{57E7B343-894E-4BBF-B661-C00A02C74A81}.Release|Any CPU.Build.0 = Release|Any CPU
	EndGlobalSection
	GlobalSection(SolutionProperties) = preSolution
		HideSolutionNode = FALSE
	EndGlobalSection
	GlobalSection(ExtensibilityGlobals) = postSolution
		SolutionGuid = {C33EE1B5-1973-4EE4-B47D-BD106F173BD6}
	EndGlobalSection
EndGlobal
